
Microsoft Visual Studio Solution File, Format Version 12.00
# Visual Studio Version 17
VisualStudioVersion = 17.4.33213.308
MinimumVisualStudioVersion = 10.0.40219.1
Project("{FAE04EC0-301F-11D3-BF4B-00C04F79EFBC}") = "COIS3020Assignment3", "COIS3020Assignment3.csproj", "{E17661F7-5DB4-458C-8AB4-04A598254FBE}"
EndProject
Global
	GlobalSection(SolutionConfigurationPlatforms) = preSolution
		Debug|Any CPU = Debug|Any CPU
		Release|Any CPU = Release|Any CPU
	EndGlobalSection
	GlobalSection(ProjectConfigurationPlatforms) = postSolution
		{E17661F7-5DB4-458C-8AB4-04A598254FBE}.Debug|Any CPU.ActiveCfg = Debug|Any CPU
		{E17661F7-5DB4-458C-8AB4-04A598254FBE}.Debug|Any CPU.Build.0 = Debug|Any CPU
		{E17661F7-5DB4-458C-8AB4-04A598254FBE}.Release|Any CPU.ActiveCfg = Release|Any CPU
		{E17661F7-5DB4-458C-8AB4-04A598254FBE}.Release|Any CPU.Build.0 = Release|Any CPU
	EndGlobalSection
	GlobalSection(SolutionProperties) = preSolution
		HideSolutionNode = FALSE
	EndGlobalSection
	GlobalSection(ExtensibilityGlobals) = postSolution
		SolutionGuid = {0F500423-E1D6-487E-8A56-85053B8EC610}
	EndGlobalSection
EndGlobal
